
Microsoft Visual Studio Solution File, Format Version 12.00
# Visual Studio Version 17
VisualStudioVersion = 17.8.34525.116
MinimumVisualStudioVersion = 10.0.40219.1
Project("{2150E333-8FDC-42A3-9474-1A3956D46DE8}") = "CONDICIONALES", "CONDICIONALES", "{9D3355E3-C523-41CF-AC9D-B587BCEC594C}"
EndProject
Project("{2150E333-8FDC-42A3-9474-1A3956D46DE8}") = "SWITCH", "SWITCH", "{D012FBC6-4E44-4326-BC63-A8216E456AFF}"
EndProject
Project("{9A19103F-16F7-4668-BE54-9A1E7A4F7556}") = "COD 1.1", "COD 1.1\COD 1.1.csproj", "{09568C3E-1465-4B60-897C-F429B9548347}"
EndProject
Project("{9A19103F-16F7-4668-BE54-9A1E7A4F7556}") = "COD 1.2", "COD 1.2\COD 1.2.csproj", "{465CD386-89A5-47E7-8DD0-96303172A6D2}"
EndProject
Project("{9A19103F-16F7-4668-BE54-9A1E7A4F7556}") = "COD 1.3", "COD 1.3\COD 1.3.csproj", "{05F369FA-7828-4E51-8EED-93BDEE06AB5C}"
EndProject
Project("{9A19103F-16F7-4668-BE54-9A1E7A4F7556}") = "COD 1.4", "COD 1.4\COD 1.4.csproj", "{36D77C45-E126-4DF5-B129-0971A809855B}"
EndProject
Project("{9A19103F-16F7-4668-BE54-9A1E7A4F7556}") = "COD 1.5", "COD 1.5\COD 1.5.csproj", "{CA83AB76-DE8F-4D31-83DA-CE865B2A8A13}"
EndProject
Project("{9A19103F-16F7-4668-BE54-9A1E7A4F7556}") = "COD 1.6", "COD 1.6\COD 1.6.csproj", "{6BD14F98-01B5-4252-A9BF-4CDCC99CAD83}"
EndProject
Project("{9A19103F-16F7-4668-BE54-9A1E7A4F7556}") = "COD 1.7", "COD 1.7\COD 1.7.csproj", "{E15AE2BC-6A8D-4558-8324-0DC99C92086B}"
EndProject
Project("{9A19103F-16F7-4668-BE54-9A1E7A4F7556}") = "COD 2.1", "COD 2.1\COD 2.1.csproj", "{1B1B4DDF-4677-4ECF-8F37-8C6C8A591BC4}"
EndProject
Project("{9A19103F-16F7-4668-BE54-9A1E7A4F7556}") = "COD 2.2", "COD 2.2\COD 2.2.csproj", "{C1B7E617-3974-4CF3-A20F-67AADDFBE14E}"
EndProject
Project("{9A19103F-16F7-4668-BE54-9A1E7A4F7556}") = "COD 2.3", "COD 2.3\COD 2.3.csproj", "{EB0482DD-9FC8-447F-8121-CA5A073CAB50}"
EndProject
Project("{9A19103F-16F7-4668-BE54-9A1E7A4F7556}") = "COD 2.4", "COD 2.4\COD 2.4.csproj", "{55CD8821-E984-4A72-924C-9B874717BF37}"
EndProject
Project("{9A19103F-16F7-4668-BE54-9A1E7A4F7556}") = "COD 2.5", "COD 2.5\COD 2.5.csproj", "{9C6949A6-1795-4910-94B3-58309167C5D5}"
EndProject
Global
	GlobalSection(SolutionConfigurationPlatforms) = preSolution
		Debug|Any CPU = Debug|Any CPU
		Release|Any CPU = Release|Any CPU
	EndGlobalSection
	GlobalSection(ProjectConfigurationPlatforms) = postSolution
		{09568C3E-1465-4B60-897C-F429B9548347}.Debug|Any CPU.ActiveCfg = Debug|Any CPU
		{09568C3E-1465-4B60-897C-F429B9548347}.Debug|Any CPU.Build.0 = Debug|Any CPU
		{09568C3E-1465-4B60-897C-F429B9548347}.Release|Any CPU.ActiveCfg = Release|Any CPU
		{09568C3E-1465-4B60-897C-F429B9548347}.Release|Any CPU.Build.0 = Release|Any CPU
		{465CD386-89A5-47E7-8DD0-96303172A6D2}.Debug|Any CPU.ActiveCfg = Debug|Any CPU
		{465CD386-89A5-47E7-8DD0-96303172A6D2}.Debug|Any CPU.Build.0 = Debug|Any CPU
		{465CD386-89A5-47E7-8DD0-96303172A6D2}.Release|Any CPU.ActiveCfg = Release|Any CPU
		{465CD386-89A5-47E7-8DD0-96303172A6D2}.Release|Any CPU.Build.0 = Release|Any CPU
		{05F369FA-7828-4E51-8EED-93BDEE06AB5C}.Debug|Any CPU.ActiveCfg = Debug|Any CPU
		{05F369FA-7828-4E51-8EED-93BDEE06AB5C}.Debug|Any CPU.Build.0 = Debug|Any CPU
		{05F369FA-7828-4E51-8EED-93BDEE06AB5C}.Release|Any CPU.ActiveCfg = Release|Any CPU
		{05F369FA-7828-4E51-8EED-93BDEE06AB5C}.Release|Any CPU.Build.0 = Release|Any CPU
		{36D77C45-E126-4DF5-B129-0971A809855B}.Debug|Any CPU.ActiveCfg = Debug|Any CPU
		{36D77C45-E126-4DF5-B129-0971A809855B}.Debug|Any CPU.Build.0 = Debug|Any CPU
		{36D77C45-E126-4DF5-B129-0971A809855B}.Release|Any CPU.ActiveCfg = Release|Any CPU
		{36D77C45-E126-4DF5-B129-0971A809855B}.Release|Any CPU.Build.0 = Release|Any CPU
		{CA83AB76-DE8F-4D31-83DA-CE865B2A8A13}.Debug|Any CPU.ActiveCfg = Debug|Any CPU
		{CA83AB76-DE8F-4D31-83DA-CE865B2A8A13}.Debug|Any CPU.Build.0 = Debug|Any CPU
		{CA83AB76-DE8F-4D31-83DA-CE865B2A8A13}.Release|Any CPU.ActiveCfg = Release|Any CPU
		{CA83AB76-DE8F-4D31-83DA-CE865B2A8A13}.Release|Any CPU.Build.0 = Release|Any CPU
		{6BD14F98-01B5-4252-A9BF-4CDCC99CAD83}.Debug|Any CPU.ActiveCfg = Debug|Any CPU
		{6BD14F98-01B5-4252-A9BF-4CDCC99CAD83}.Debug|Any CPU.Build.0 = Debug|Any CPU
		{6BD14F98-01B5-4252-A9BF-4CDCC99CAD83}.Release|Any CPU.ActiveCfg = Release|Any CPU
		{6BD14F98-01B5-4252-A9BF-4CDCC99CAD83}.Release|Any CPU.Build.0 = Release|Any CPU
		{E15AE2BC-6A8D-4558-8324-0DC99C92086B}.Debug|Any CPU.ActiveCfg = Debug|Any CPU
		{E15AE2BC-6A8D-4558-8324-0DC99C92086B}.Debug|Any CPU.Build.0 = Debug|Any CPU
		{E15AE2BC-6A8D-4558-8324-0DC99C92086B}.Release|Any CPU.ActiveCfg = Release|Any CPU
		{E15AE2BC-6A8D-4558-8324-0DC99C92086B}.Release|Any CPU.Build.0 = Release|Any CPU
		{1B1B4DDF-4677-4ECF-8F37-8C6C8A591BC4}.Debug|Any CPU.ActiveCfg = Debug|Any CPU
		{1B1B4DDF-4677-4ECF-8F37-8C6C8A591BC4}.Debug|Any CPU.Build.0 = Debug|Any CPU
		{1B1B4DDF-4677-4ECF-8F37-8C6C8A591BC4}.Release|Any CPU.ActiveCfg = Release|Any CPU
		{1B1B4DDF-4677-4ECF-8F37-8C6C8A591BC4}.Release|Any CPU.Build.0 = Release|Any CPU
		{C1B7E617-3974-4CF3-A20F-67AADDFBE14E}.Debug|Any CPU.ActiveCfg = Debug|Any CPU
		{C1B7E617-3974-4CF3-A20F-67AADDFBE14E}.Debug|Any CPU.Build.0 = Debug|Any CPU
		{C1B7E617-3974-4CF3-A20F-67AADDFBE14E}.Release|Any CPU.ActiveCfg = Release|Any CPU
		{C1B7E617-3974-4CF3-A20F-67AADDFBE14E}.Release|Any CPU.Build.0 = Release|Any CPU
		{EB0482DD-9FC8-447F-8121-CA5A073CAB50}.Debug|Any CPU.ActiveCfg = Debug|Any CPU
		{EB0482DD-9FC8-447F-8121-CA5A073CAB50}.Debug|Any CPU.Build.0 = Debug|Any CPU
		{EB0482DD-9FC8-447F-8121-CA5A073CAB50}.Release|Any CPU.ActiveCfg = Release|Any CPU
		{EB0482DD-9FC8-447F-8121-CA5A073CAB50}.Release|Any CPU.Build.0 = Release|Any CPU
		{55CD8821-E984-4A72-924C-9B874717BF37}.Debug|Any CPU.ActiveCfg = Debug|Any CPU
		{55CD8821-E984-4A72-924C-9B874717BF37}.Debug|Any CPU.Build.0 = Debug|Any CPU
		{55CD8821-E984-4A72-924C-9B874717BF37}.Release|Any CPU.ActiveCfg = Release|Any CPU
		{55CD8821-E984-4A72-924C-9B874717BF37}.Release|Any CPU.Build.0 = Release|Any CPU
		{9C6949A6-1795-4910-94B3-58309167C5D5}.Debug|Any CPU.ActiveCfg = Debug|Any CPU
		{9C6949A6-1795-4910-94B3-58309167C5D5}.Debug|Any CPU.Build.0 = Debug|Any CPU
		{9C6949A6-1795-4910-94B3-58309167C5D5}.Release|Any CPU.ActiveCfg = Release|Any CPU
		{9C6949A6-1795-4910-94B3-58309167C5D5}.Release|Any CPU.Build.0 = Release|Any CPU
	EndGlobalSection
	GlobalSection(SolutionProperties) = preSolution
		HideSolutionNode = FALSE
	EndGlobalSection
	GlobalSection(NestedProjects) = preSolution
		{09568C3E-1465-4B60-897C-F429B9548347} = {9D3355E3-C523-41CF-AC9D-B587BCEC594C}
		{465CD386-89A5-47E7-8DD0-96303172A6D2} = {9D3355E3-C523-41CF-AC9D-B587BCEC594C}
		{05F369FA-7828-4E51-8EED-93BDEE06AB5C} = {9D3355E3-C523-41CF-AC9D-B587BCEC594C}
		{36D77C45-E126-4DF5-B129-0971A809855B} = {9D3355E3-C523-41CF-AC9D-B587BCEC594C}
		{CA83AB76-DE8F-4D31-83DA-CE865B2A8A13} = {9D3355E3-C523-41CF-AC9D-B587BCEC594C}
		{6BD14F98-01B5-4252-A9BF-4CDCC99CAD83} = {9D3355E3-C523-41CF-AC9D-B587BCEC594C}
		{E15AE2BC-6A8D-4558-8324-0DC99C92086B} = {9D3355E3-C523-41CF-AC9D-B587BCEC594C}
		{1B1B4DDF-4677-4ECF-8F37-8C6C8A591BC4} = {D012FBC6-4E44-4326-BC63-A8216E456AFF}
		{C1B7E617-3974-4CF3-A20F-67AADDFBE14E} = {D012FBC6-4E44-4326-BC63-A8216E456AFF}
		{EB0482DD-9FC8-447F-8121-CA5A073CAB50} = {D012FBC6-4E44-4326-BC63-A8216E456AFF}
		{55CD8821-E984-4A72-924C-9B874717BF37} = {D012FBC6-4E44-4326-BC63-A8216E456AFF}
		{9C6949A6-1795-4910-94B3-58309167C5D5} = {D012FBC6-4E44-4326-BC63-A8216E456AFF}
	EndGlobalSection
	GlobalSection(ExtensibilityGlobals) = postSolution
		SolutionGuid = {330A65F3-B827-49FC-A566-6EC0E634B9BE}
	EndGlobalSection
EndGlobal
